// !$*UTF8*$!
{
	archiveVersion = 1;
	classes = {
	};
	objectVersion = 56;
	objects = {

/* Begin PBXBuildFile section */
		FE38E4E829A39BC9000DDD35 /* AppDelegate.swift in Sources */ = {isa = PBXBuildFile; fileRef = FE38E4E729A39BC9000DDD35 /* AppDelegate.swift */; };
		FE38E4EA29A39BC9000DDD35 /* SceneDelegate.swift in Sources */ = {isa = PBXBuildFile; fileRef = FE38E4E929A39BC9000DDD35 /* SceneDelegate.swift */; };
		FE38E4EC29A39BC9000DDD35 /* ViewController.swift in Sources */ = {isa = PBXBuildFile; fileRef = FE38E4EB29A39BC9000DDD35 /* ViewController.swift */; };
		FE38E4EF29A39BC9000DDD35 /* Main.storyboard in Resources */ = {isa = PBXBuildFile; fileRef = FE38E4ED29A39BC9000DDD35 /* Main.storyboard */; };
		FE38E4F129A39BCA000DDD35 /* Assets.xcassets in Resources */ = {isa = PBXBuildFile; fileRef = FE38E4F029A39BCA000DDD35 /* Assets.xcassets */; };
		FE38E4F429A39BCA000DDD35 /* LaunchScreen.storyboard in Resources */ = {isa = PBXBuildFile; fileRef = FE38E4F229A39BCA000DDD35 /* LaunchScreen.storyboard */; };
		FE788F2529A3F8D70094D930 /* File.swift in Sources */ = {isa = PBXBuildFile; fileRef = FE788F2429A3F8D70094D930 /* File.swift */; };
/* End PBXBuildFile section */

/* Begin PBXFileReference section */
		FE38E4E429A39BC9000DDD35 /* h119.app */ = {isa = PBXFileReference; explicitFileType = wrapper.application; includeInIndex = 0; path = h119.app; sourceTree = BUILT_PRODUCTS_DIR; };
		FE38E4E729A39BC9000DDD35 /* AppDelegate.swift */ = {isa = PBXFileReference; lastKnownFileType = sourcecode.swift; path = AppDelegate.swift; sourceTree = "<group>"; };
		FE38E4E929A39BC9000DDD35 /* SceneDelegate.swift */ = {isa = PBXFileReference; lastKnownFileType = sourcecode.swift; path = SceneDelegate.swift; sourceTree = "<group>"; };
		FE38E4EB29A39BC9000DDD35 /* ViewController.swift */ = {isa = PBXFileReference; lastKnownFileType = sourcecode.swift; path = ViewController.swift; sourceTree = "<group>"; };
		FE38E4EE29A39BC9000DDD35 /* Base */ = {isa = PBXFileReference; lastKnownFileType = file.storyboard; name = Base; path = Base.lproj/Main.storyboard; sourceTree = "<group>"; };
		FE38E4F029A39BCA000DDD35 /* Assets.xcassets */ = {isa = PBXFileReference; lastKnownFileType = folder.assetcatalog; path = Assets.xcassets; sourceTree = "<group>"; };
		FE38E4F329A39BCA000DDD35 /* Base */ = {isa = PBXFileReference; lastKnownFileType = file.storyboard; name = Base; path = Base.lproj/LaunchScreen.storyboard; sourceTree = "<group>"; };
		FE38E4F529A39BCA000DDD35 /* Info.plist */ = {isa = PBXFileReference; lastKnownFileType = text.plist.xml; path = Info.plist; sourceTree = "<group>"; };
		FE788F2429A3F8D70094D930 /* File.swift */ = {isa = PBXFileReference; lastKnownFileType = sourcecode.swift; path = File.swift; sourceTree = "<group>"; };
/* End PBXFileReference section */

/* Begin PBXFrameworksBuildPhase section */
		FE38E4E129A39BC9000DDD35 /* Frameworks */ = {
			isa = PBXFrameworksBuildPhase;
			buildActionMask = 2147483647;
			files = (
			);
			runOnlyForDeploymentPostprocessing = 0;
		};
/* End PBXFrameworksBuildPhase section */

/* Begin PBXGroup section */
		FE38E4DB29A39BC9000DDD35 = {
			isa = PBXGroup;
			children = (
				FE38E4E629A39BC9000DDD35 /* h119 */,
				FE38E4E529A39BC9000DDD35 /* Products */,
			);
			sourceTree = "<group>";
		};
		FE38E4E529A39BC9000DDD35 /* Products */ = {
			isa = PBXGroup;
			children = (
				FE38E4E429A39BC9000DDD35 /* h119.app */,
			);
			name = Products;
			sourceTree = "<group>";
		};
		FE38E4E629A39BC9000DDD35 /* h119 */ = {
			isa = PBXGroup;
			children = (
				FE38E4E729A39BC9000DDD35 /* AppDelegate.swift */,
				FE38E4E929A39BC9000DDD35 /* SceneDelegate.swift */,
				FE38E4EB29A39BC9000DDD35 /* ViewController.swift */,
				FE38E4ED29A39BC9000DDD35 /* Main.storyboard */,
				FE38E4F029A39BCA000DDD35 /* Assets.xcassets */,
				FE38E4F229A39BCA000DDD35 /* LaunchScreen.storyboard */,
				FE38E4F529A39BCA000DDD35 /* Info.plist */,
				FE788F2429A3F8D70094D930 /* File.swift */,
			);
			path = h119;
			sourceTree = "<group>";
		};
/* End PBXGroup section */

/* Begin PBXNativeTarget section */
		FE38E4E329A39BC9000DDD35 /* h119 */ = {
			isa = PBXNativeTarget;
			buildConfigurationList = FE38E4F829A39BCA000DDD35 /* Build configuration list for PBXNativeTarget "h119" */;
			buildPhases = (
				FE38E4E029A39BC9000DDD35 /* Sources */,
				FE38E4E129A39BC9000DDD35 /* Frameworks */,
				FE38E4E229A39BC9000DDD35 /* Resources */,
			);
			buildRules = (
			);
			dependencies = (
			);
			name = h119;
			productName = h119;
			productReference = FE38E4E429A39BC9000DDD35 /* h119.app */;
			productType = "com.apple.product-type.application";
		};
/* End PBXNativeTarget section */

/* Begin PBXProject section */
		FE38E4DC29A39BC9000DDD35 /* Project object */ = {
			isa = PBXProject;
			attributes = {
				BuildIndependentTargetsInParallel = 1;
				LastSwiftUpdateCheck = 1400;
				LastUpgradeCheck = 1400;
				TargetAttributes = {
					FE38E4E329A39BC9000DDD35 = {
						CreatedOnToolsVersion = 14.0;
					};
				};
			};
			buildConfigurationList = FE38E4DF29A39BC9000DDD35 /* Build configuration list for PBXProject "h119" */;
			compatibilityVersion = "Xcode 14.0";
			developmentRegion = en;
			hasScannedForEncodings = 0;
			knownRegions = (
				en,
				Base,
			);
			mainGroup = FE38E4DB29A39BC9000DDD35;
			productRefGroup = FE38E4E529A39BC9000DDD35 /* Products */;
			projectDirPath = "";
			projectRoot = "";
			targets = (
				FE38E4E329A39BC9000DDD35 /* h119 */,
			);
		};
/* End PBXProject section */

/* Begin PBXResourcesBuildPhase section */
		FE38E4E229A39BC9000DDD35 /* Resources */ = {
			isa = PBXResourcesBuildPhase;
			buildActionMask = 2147483647;
			files = (
				FE38E4F429A39BCA000DDD35 /* LaunchScreen.storyboard in Resources */,
				FE38E4F129A39BCA000DDD35 /* Assets.xcassets in Resources */,
				FE38E4EF29A39BC9000DDD35 /* Main.storyboard in Resources */,
			);
			runOnlyForDeploymentPostprocessing = 0;
		};
/* End PBXResourcesBuildPhase section */

/* Begin PBXSourcesBuildPhase section */
		FE38E4E029A39BC9000DDD35 /* Sources */ = {
			isa = PBXSourcesBuildPhase;
			buildActionMask = 2147483647;
			files = (
				FE38E4EC29A39BC9000DDD35 /* ViewController.swift in Sources */,
				FE788F2529A3F8D70094D930 /* File.swift in Sources */,
				FE38E4E829A39BC9000DDD35 /* AppDelegate.swift in Sources */,
				FE38E4EA29A39BC9000DDD35 /* SceneDelegate.swift in Sources */,
			);
			runOnlyForDeploymentPostprocessing = 0;
		};
/* End PBXSourcesBuildPhase section */

/* Begin PBXVariantGroup section */
		FE38E4ED29A39BC9000DDD35 /* Main.storyboard */ = {
			isa = PBXVariantGroup;
			children = (
				FE38E4EE29A39BC9000DDD35 /* Base */,
			);
			name = Main.storyboard;
			sourceTree = "<group>";
		};
		FE38E4F229A39BCA000DDD35 /* LaunchScreen.storyboard */ = {
			isa = PBXVariantGroup;
			children = (
				FE38E4F329A39BCA000DDD35 /* Base */,
			);
			name = LaunchScreen.storyboard;
			sourceTree = "<group>";
		};
/* End PBXVariantGroup section */

/* Begin XCBuildConfiguration section */
		FE38E4F629A39BCA000DDD35 /* Debug */ = {
			isa = XCBuildConfiguration;
			buildSettings = {
				ALWAYS_SEARCH_USER_PATHS = NO;
				CLANG_ANALYZER_NONNULL = YES;
				CLANG_ANALYZER_NUMBER_OBJECT_CONVERSION = YES_AGGRESSIVE;
				CLANG_CXX_LANGUAGE_STANDARD = "gnu++20";
				CLANG_ENABLE_MODULES = YES;
				CLANG_ENABLE_OBJC_ARC = YES;
				CLANG_ENABLE_OBJC_WEAK = YES;
				CLANG_WARN_BLOCK_CAPTURE_AUTORELEASING = YES;
				CLANG_WARN_BOOL_CONVERSION = YES;
				CLANG_WARN_COMMA = YES;
				CLANG_WARN_CONSTANT_CONVERSION = YES;
				CLANG_WARN_DEPRECATED_OBJC_IMPLEMENTATIONS = YES;
				CLANG_WARN_DIRECT_OBJC_ISA_USAGE = YES_ERROR;
				CLANG_WARN_DOCUMENTATION_COMMENTS = YES;
				CLANG_WARN_EMPTY_BODY = YES;
				CLANG_WARN_ENUM_CONVERSION = YES;
				CLANG_WARN_INFINITE_RECURSION = YES;
				CLANG_WARN_INT_CONVERSION = YES;
				CLANG_WARN_NON_LITERAL_NULL_CONVERSION = YES;
				CLANG_WARN_OBJC_IMPLICIT_RETAIN_SELF = YES;
				CLANG_WARN_OBJC_LITERAL_CONVERSION = YES;
				CLANG_WARN_OBJC_ROOT_CLASS = YES_ERROR;
				CLANG_WARN_QUOTED_INCLUDE_IN_FRAMEWORK_HEADER = YES;
				CLANG_WARN_RANGE_LOOP_ANALYSIS = YES;
				CLANG_WARN_STRICT_PROTOTYPES = YES;
				CLANG_WARN_SUSPICIOUS_MOVE = YES;
				CLANG_WARN_UNGUARDED_AVAILABILITY = YES_AGGRESSIVE;
				CLANG_WARN_UNREACHABLE_CODE = YES;
				CLANG_WARN__DUPLICATE_METHOD_MATCH = YES;
				COPY_PHASE_STRIP = NO;
				DEBUG_INFORMATION_FORMAT = dwarf;
				ENABLE_STRICT_OBJC_MSGSEND = YES;
				ENABLE_TESTABILITY = YES;
				GCC_C_LANGUAGE_STANDARD = gnu11;
				GCC_DYNAMIC_NO_PIC = NO;
				GCC_NO_COMMON_BLOCKS = YES;
				GCC_OPTIMIZATION_LEVEL = 0;
				GCC_PREPROCESSOR_DEFINITIONS = (
					"DEBUG=1",
					"$(inherited)",
				);
				GCC_WARN_64_TO_32_BIT_CONVERSION = YES;
				GCC_WARN_ABOUT_RETURN_TYPE = YES_ERROR;
				GCC_WARN_UNDECLARED_SELECTOR = YES;
				GCC_WARN_UNINITIALIZED_AUTOS = YES_AGGRESSIVE;
				GCC_WARN_UNUSED_FUNCTION = YES;
				GCC_WARN_UNUSED_VARIABLE = YES;
				IPHONEOS_DEPLOYMENT_TARGET = 16.0;
				MTL_ENABLE_DEBUG_INFO = INCLUDE_SOURCE;
				MTL_FAST_MATH = YES;
				ONLY_ACTIVE_ARCH = YES;
				SDKROOT = iphoneos;
				SWIFT_ACTIVE_COMPILATION_CONDITIONS = DEBUG;
				SWIFT_OPTIMIZATION_LEVEL = "-Onone";
			};
			name = Debug;
		};
		FE38E4F729A39BCA000DDD35 /* Release */ = {
			isa = XCBuildConfiguration;
			buildSettings = {
				ALWAYS_SEARCH_USER_PATHS = NO;
				CLANG_ANALYZER_NONNULL = YES;
				CLANG_ANALYZER_NUMBER_OBJECT_CONVERSION = YES_AGGRESSIVE;
				CLANG_CXX_LANGUAGE_STANDARD = "gnu++20";
				CLANG_ENABLE_MODULES = YES;
				CLANG_ENABLE_OBJC_ARC = YES;
				CLANG_ENABLE_OBJC_WEAK = YES;
				CLANG_WARN_BLOCK_CAPTURE_AUTORELEASING = YES;
				CLANG_WARN_BOOL_CONVERSION = YES;
				CLANG_WARN_COMMA = YES;
				CLANG_WARN_CONSTANT_CONVERSION = YES;
				CLANG_WARN_DEPRECATED_OBJC_IMPLEMENTATIONS = YES;
				CLANG_WARN_DIRECT_OBJC_ISA_USAGE = YES_ERROR;
				CLANG_WARN_DOCUMENTATION_COMMENTS = YES;
				CLANG_WARN_EMPTY_BODY = YES;
				CLANG_WARN_ENUM_CONVERSION = YES;
				CLANG_WARN_INFINITE_RECURSION = YES;
				CLANG_WARN_INT_CONVERSION = YES;
				CLANG_WARN_NON_LITERAL_NULL_CONVERSION = YES;
				CLANG_WARN_OBJC_IMPLICIT_RETAIN_SELF = YES;
				CLANG_WARN_OBJC_LITERAL_CONVERSION = YES;
				CLANG_WARN_OBJC_ROOT_CLASS = YES_ERROR;
				CLANG_WARN_QUOTED_INCLUDE_IN_FRAMEWORK_HEADER = YES;
				CLANG_WARN_RANGE_LOOP_ANALYSIS = YES;
				CLANG_WARN_STRICT_PROTOTYPES = YES;
				CLANG_WARN_SUSPICIOUS_MOVE = YES;
				CLANG_WARN_UNGUARDED_AVAILABILITY = YES_AGGRESSIVE;
				CLANG_WARN_UNREACHABLE_CODE = YES;
				CLANG_WARN__DUPLICATE_METHOD_MATCH = YES;
				COPY_PHASE_STRIP = NO;
				DEBUG_INFORMATION_FORMAT = "dwarf-with-dsym";
				ENABLE_NS_ASSERTIONS = NO;
				ENABLE_STRICT_OBJC_MSGSEND = YES;
				GCC_C_LANGUAGE_STANDARD = gnu11;
				GCC_NO_COMMON_BLOCKS = YES;
				GCC_WARN_64_TO_32_BIT_CONVERSION = YES;
				GCC_WARN_ABOUT_RETURN_TYPE = YES_ERROR;
				GCC_WARN_UNDECLARED_SELECTOR = YES;
				GCC_WARN_UNINITIALIZED_AUTOS = YES_AGGRESSIVE;
				GCC_WARN_UNUSED_FUNCTION = YES;
				GCC_WARN_UNUSED_VARIABLE = YES;
				IPHONEOS_DEPLOYMENT_TARGET = 16.0;
				MTL_ENABLE_DEBUG_INFO = NO;
				MTL_FAST_MATH = YES;
				SDKROOT = iphoneos;
				SWIFT_COMPILATION_MODE = wholemodule;
				SWIFT_OPTIMIZATION_LEVEL = "-O";
				VALIDATE_PRODUCT = YES;
			};
			name = Release;
		};
		FE38E4F929A39BCA000DDD35 /* Debug */ = {
			isa = XCBuildConfiguration;
			buildSettings = {
				ASSETCATALOG_COMPILER_APPICON_NAME = AppIcon;
				ASSETCATALOG_COMPILER_GLOBAL_ACCENT_COLOR_NAME = AccentColor;
				CODE_SIGN_STYLE = Automatic;
				CURRENT_PROJECT_VERSION = 1;
				DEVELOPMENT_TEAM = F6JM347KR9;
				GENERATE_INFOPLIST_FILE = YES;
				INFOPLIST_FILE = h119/Info.plist;
				INFOPLIST_KEY_UIApplicationSupportsIndirectInputEvents = YES;
				INFOPLIST_KEY_UILaunchStoryboardName = LaunchScreen;
				INFOPLIST_KEY_UIMainStoryboardFile = Main;
				INFOPLIST_KEY_UISupportedInterfaceOrientations_iPad = "UIInterfaceOrientationPortrait UIInterfaceOrientationPortraitUpsideDown UIInterfaceOrientationLandscapeLeft UIInterfaceOrientationLandscapeRight";
				INFOPLIST_KEY_UISupportedInterfaceOrientations_iPhone = "UIInterfaceOrientationPortrait UIInterfaceOrientationLandscapeLeft UIInterfaceOrientationLandscapeRight";
				LD_RUNPATH_SEARCH_PATHS = (
					"$(inherited)",
					"@executable_path/Frameworks",
				);
				MARKETING_VERSION = 1.0;
				PRODUCT_BUNDLE_IDENTIFIER = sw.h119;
				PRODUCT_NAME = "$(TARGET_NAME)";
				SWIFT_EMIT_LOC_STRINGS = YES;
				SWIFT_VERSION = 5.0;
				TARGETED_DEVICE_FAMILY = "1,2";
			};
			name = Debug;
		};
		FE38E4FA29A39BCA000DDD35 /* Release */ = {
			isa = XCBuildConfiguration;
			buildSettings = {
				ASSETCATALOG_COMPILER_APPICON_NAME = AppIcon;
				ASSETCATALOG_COMPILER_GLOBAL_ACCENT_COLOR_NAME = AccentColor;
				CODE_SIGN_STYLE = Automatic;
				CURRENT_PROJECT_VERSION = 1;
				DEVELOPMENT_TEAM = F6JM347KR9;
				GENERATE_INFOPLIST_FILE = YES;
				INFOPLIST_FILE = h119/Info.plist;
				INFOPLIST_KEY_UIApplicationSupportsIndirectInputEvents = YES;
				INFOPLIST_KEY_UILaunchStoryboardName = LaunchScreen;
				INFOPLIST_KEY_UIMainStoryboardFile = Main;
				INFOPLIST_KEY_UISupportedInterfaceOrientations_iPad = "UIInterfaceOrientationPortrait UIInterfaceOrientationPortraitUpsideDown UIInterfaceOrientationLandscapeLeft UIInterfaceOrientationLandscapeRight";
				INFOPLIST_KEY_UISupportedInterfaceOrientations_iPhone = "UIInterfaceOrientationPortrait UIInterfaceOrientationLandscapeLeft UIInterfaceOrientationLandscapeRight";
				LD_RUNPATH_SEARCH_PATHS = (
					"$(inherited)",
					"@executable_path/Frameworks",
				);
				MARKETING_VERSION = 1.0;
				PRODUCT_BUNDLE_IDENTIFIER = sw.h119;
				PRODUCT_NAME = "$(TARGET_NAME)";
				SWIFT_EMIT_LOC_STRINGS = YES;
				SWIFT_VERSION = 5.0;
				TARGETED_DEVICE_FAMILY = "1,2";
			};
			name = Release;
		};
/* End XCBuildConfiguration section */

/* Begin XCConfigurationList section */
		FE38E4DF29A39BC9000DDD35 /* Build configuration list for PBXProject "h119" */ = {
			isa = XCConfigurationList;
			buildConfigurations = (
				FE38E4F629A39BCA000DDD35 /* Debug */,
				FE38E4F729A39BCA000DDD35 /* Release */,
			);
			defaultConfigurationIsVisible = 0;
			defaultConfigurationName = Release;
		};
		FE38E4F829A39BCA000DDD35 /* Build configuration list for PBXNativeTarget "h119" */ = {
			isa = XCConfigurationList;
			buildConfigurations = (
				FE38E4F929A39BCA000DDD35 /* Debug */,
				FE38E4FA29A39BCA000DDD35 /* Release */,
			);
			defaultConfigurationIsVisible = 0;
			defaultConfigurationName = Release;
		};
/* End XCConfigurationList section */
	};
	rootObject = FE38E4DC29A39BC9000DDD35 /* Project object */;
}
